{
  "version": 4,
  "terraform_version": "1.5.1",
  "serial": 38,
  "lineage": "37138f14-4bc0-6bde-ac13-d02a01d95227",
  "outputs": {
    "birch_ip_address": {
      "value": "146.190.144.105",
      "type": "string"
    }
  },
  "resources": [
    {
      "module": "module.digitalocean",
      "mode": "managed",
      "type": "digitalocean_droplet",
      "name": "birch",
      "provider": "module.digitalocean.provider[\"registry.terraform.io/digitalocean/digitalocean\"]",
      "instances": [
        {
          "schema_version": 1,
          "attributes": {
            "backups": false,
            "created_at": "2023-07-03T21:54:03Z",
            "disk": 25,
            "droplet_agent": null,
            "graceful_shutdown": false,
            "id": "363447531",
            "image": "debian-12-x64",
            "ipv4_address": "146.190.144.105",
            "ipv4_address_private": "10.124.0.3",
            "ipv6": false,
            "ipv6_address": "",
            "locked": false,
            "memory": 1024,
            "monitoring": false,
            "name": "birch",
            "price_hourly": 0.00893,
            "price_monthly": 6,
            "private_networking": true,
            "region": "sfo3",
            "resize_disk": true,
            "size": "s-1vcpu-1gb",
            "ssh_keys": [
              "04:b4:49:d8:bc:68:73:dd:45:fd:56:1f:d3:ea:37:7a"
            ],
            "status": "active",
            "tags": null,
            "timeouts": null,
            "urn": "do:droplet:363447531",
            "user_data": null,
            "vcpus": 1,
            "volume_ids": [],
            "vpc_uuid": "b2361ace-6f4c-4b33-858d-a800d6f1827a"
          },
          "sensitive_attributes": [],
          "private": "eyJlMmJmYjczMC1lY2FhLTExZTYtOGY4OC0zNDM2M2JjN2M0YzAiOnsiY3JlYXRlIjozNjAwMDAwMDAwMDAwLCJkZWxldGUiOjYwMDAwMDAwMDAwLCJ1cGRhdGUiOjM2MDAwMDAwMDAwMDB9LCJzY2hlbWFfdmVyc2lvbiI6IjEifQ=="
        }
      ]
    }
  ],
  "check_results": null
}
